
Microsoft Visual Studio Solution File, Format Version 12.00
# Visual Studio 14
VisualStudioVersion = 14.0.25420.1
MinimumVisualStudioVersion = 10.0.40219.1
Project("{FAE04EC0-301F-11D3-BF4B-00C04F79EFBC}") = "week3_inheritance", "week3_inheritance\week3_inheritance.csproj", "{A3B2DB44-5EC7-4616-9D93-8389339F4683}"
EndProject
Global
	GlobalSection(SolutionConfigurationPlatforms) = preSolution
		Debug|Any CPU = Debug|Any CPU
		Release|Any CPU = Release|Any CPU
	EndGlobalSection
	GlobalSection(ProjectConfigurationPlatforms) = postSolution
		{A3B2DB44-5EC7-4616-9D93-8389339F4683}.Debug|Any CPU.ActiveCfg = Debug|Any CPU
		{A3B2DB44-5EC7-4616-9D93-8389339F4683}.Debug|Any CPU.Build.0 = Debug|Any CPU
		{A3B2DB44-5EC7-4616-9D93-8389339F4683}.Release|Any CPU.ActiveCfg = Release|Any CPU
		{A3B2DB44-5EC7-4616-9D93-8389339F4683}.Release|Any CPU.Build.0 = Release|Any CPU
	EndGlobalSection
	GlobalSection(SolutionProperties) = preSolution
		HideSolutionNode = FALSE
	EndGlobalSection
EndGlobal
